# This file is automatically @generated by Cargo.
# It is not intended for manual editing.
[[package]]
name = "protobuf"
version = "0.1.0"
dependencies = [
 "protobuf 2.10.2",
]

[[package]]
name = "protobuf"
version = "2.10.2"
source = "registry+https://github.com/rust-lang/crates.io-index"
checksum = "37a5325d019a4d837d3abde0a836920f959e33d350f77b5f1e289e061e774942"
